{
    "version": 3,
    "terraform_version": "0.11.13",
    "serial": 2,
    "lineage": "9cad5011-5e88-e186-2650-5d48ebab218b",
    "modules": [
        {
            "path": [
                "root"
            ],
            "outputs": {},
            "resources": {
                "aws_dynamodb_table.terraform_state_lock": {
                    "type": "aws_dynamodb_table",
                    "depends_on": [],
                    "primary": {
                        "id": "recipe-finder-state",
                        "attributes": {
                            "arn": "arn:aws:dynamodb:eu-west-2:743259902374:table/recipe-finder-state",
                            "attribute.#": "1",
                            "attribute.2068930648.name": "LockID",
                            "attribute.2068930648.type": "S",
                            "billing_mode": "PROVISIONED",
                            "global_secondary_index.#": "0",
                            "hash_key": "LockID",
                            "id": "recipe-finder-state",
                            "local_secondary_index.#": "0",
                            "name": "recipe-finder-state",
                            "point_in_time_recovery.#": "1",
                            "point_in_time_recovery.0.enabled": "false",
                            "read_capacity": "1",
                            "server_side_encryption.#": "0",
                            "stream_arn": "",
                            "stream_enabled": "false",
                            "stream_label": "",
                            "stream_view_type": "",
                            "tags.%": "0",
                            "ttl.#": "1",
                            "ttl.0.attribute_name": "",
                            "ttl.0.enabled": "false",
                            "write_capacity": "1"
                        },
                        "meta": {
                            "e2bfb730-ecaa-11e6-8f88-34363bc7c4c0": {
                                "create": 600000000000,
                                "delete": 600000000000,
                                "update": 3600000000000
                            },
                            "schema_version": "1"
                        },
                        "tainted": false
                    },
                    "deposed": [],
                    "provider": "provider.aws"
                },
                "aws_s3_bucket.terraform_state": {
                    "type": "aws_s3_bucket",
                    "depends_on": [],
                    "primary": {
                        "id": "recipefinder-tfstate",
                        "attributes": {
                            "acceleration_status": "",
                            "acl": "private",
                            "arn": "arn:aws:s3:::recipefinder-tfstate",
                            "bucket": "recipefinder-tfstate",
                            "bucket_domain_name": "recipefinder-tfstate.s3.amazonaws.com",
                            "bucket_regional_domain_name": "recipefinder-tfstate.s3.eu-west-2.amazonaws.com",
                            "cors_rule.#": "0",
                            "force_destroy": "false",
                            "hosted_zone_id": "Z3GKZC51ZF0DB4",
                            "id": "recipefinder-tfstate",
                            "lifecycle_rule.#": "0",
                            "logging.#": "0",
                            "object_lock_configuration.#": "0",
                            "region": "eu-west-2",
                            "replication_configuration.#": "0",
                            "request_payer": "BucketOwner",
                            "server_side_encryption_configuration.#": "0",
                            "tags.%": "0",
                            "versioning.#": "1",
                            "versioning.0.enabled": "true",
                            "versioning.0.mfa_delete": "false",
                            "website.#": "0"
                        },
                        "meta": {},
                        "tainted": false
                    },
                    "deposed": [],
                    "provider": "provider.aws"
                }
            },
            "depends_on": []
        }
    ]
}
